
Microsoft Visual Studio Solution File, Format Version 12.00
# Visual Studio 2013
VisualStudioVersion = 12.0.31101.0
MinimumVisualStudioVersion = 10.0.40219.1
Project("{FAE04EC0-301F-11D3-BF4B-00C04F79EFBC}") = "BankAccount_Wk1_Final", "BankAccount_Wk1_Final\BankAccount_Wk1_Final.csproj", "{FED6E003-AD21-4BA2-9494-294EEFE2666F}"
EndProject
Project("{F088123C-0E9E-452A-89E6-6BA2F21D5CAC}") = "BankAccount_Wk1_Final_UML", "BankAccount_Wk1_Final_UML\BankAccount_Wk1_Final_UML.modelproj", "{4704946A-6206-41A4-A5FF-382F64744B65}"
EndProject
Global
	GlobalSection(SolutionConfigurationPlatforms) = preSolution
		Debug|Any CPU = Debug|Any CPU
		Release|Any CPU = Release|Any CPU
	EndGlobalSection
	GlobalSection(ProjectConfigurationPlatforms) = postSolution
		{FED6E003-AD21-4BA2-9494-294EEFE2666F}.Debug|Any CPU.ActiveCfg = Debug|Any CPU
		{FED6E003-AD21-4BA2-9494-294EEFE2666F}.Debug|Any CPU.Build.0 = Debug|Any CPU
		{FED6E003-AD21-4BA2-9494-294EEFE2666F}.Release|Any CPU.ActiveCfg = Release|Any CPU
		{FED6E003-AD21-4BA2-9494-294EEFE2666F}.Release|Any CPU.Build.0 = Release|Any CPU
		{4704946A-6206-41A4-A5FF-382F64744B65}.Debug|Any CPU.ActiveCfg = Debug|Any CPU
		{4704946A-6206-41A4-A5FF-382F64744B65}.Debug|Any CPU.Build.0 = Debug|Any CPU
		{4704946A-6206-41A4-A5FF-382F64744B65}.Release|Any CPU.ActiveCfg = Release|Any CPU
		{4704946A-6206-41A4-A5FF-382F64744B65}.Release|Any CPU.Build.0 = Release|Any CPU
	EndGlobalSection
	GlobalSection(SolutionProperties) = preSolution
		HideSolutionNode = FALSE
	EndGlobalSection
EndGlobal
